
Microsoft Visual Studio Solution File, Format Version 12.00
Project("{FAE04EC0-301F-11D3-BF4B-00C04F79EFBC}") = "RoslynAnalyzerApp", "RoslynAnalyzerApp\RoslynAnalyzerApp.csproj", "{7FC83455-A8AA-484C-8CFC-7CFB517DCB8D}"
EndProject
Project("{FAE04EC0-301F-11D3-BF4B-00C04F79EFBC}") = "SampleDesktopApp", "SampleDesktopApp\SampleDesktopApp.csproj", "{CAB9DE3B-18AD-4FF7-9D09-041B09E3F144}"
EndProject
Global
	GlobalSection(SolutionConfigurationPlatforms) = preSolution
		Debug|Any CPU = Debug|Any CPU
		Release|Any CPU = Release|Any CPU
	EndGlobalSection
	GlobalSection(ProjectConfigurationPlatforms) = postSolution
		{7FC83455-A8AA-484C-8CFC-7CFB517DCB8D}.Debug|Any CPU.ActiveCfg = Debug|Any CPU
		{7FC83455-A8AA-484C-8CFC-7CFB517DCB8D}.Debug|Any CPU.Build.0 = Debug|Any CPU
		{7FC83455-A8AA-484C-8CFC-7CFB517DCB8D}.Release|Any CPU.ActiveCfg = Release|Any CPU
		{7FC83455-A8AA-484C-8CFC-7CFB517DCB8D}.Release|Any CPU.Build.0 = Release|Any CPU
		{CAB9DE3B-18AD-4FF7-9D09-041B09E3F144}.Debug|Any CPU.ActiveCfg = Debug|Any CPU
		{CAB9DE3B-18AD-4FF7-9D09-041B09E3F144}.Debug|Any CPU.Build.0 = Debug|Any CPU
		{CAB9DE3B-18AD-4FF7-9D09-041B09E3F144}.Release|Any CPU.ActiveCfg = Release|Any CPU
		{CAB9DE3B-18AD-4FF7-9D09-041B09E3F144}.Release|Any CPU.Build.0 = Release|Any CPU
	EndGlobalSection
EndGlobal
